// !$*UTF8*$!
{
	archiveVersion = 1;
	classes = {
	};
	objectVersion = 46;
	objects = {

/* Begin PBXGroup section */
		DA0E6F5F178EE02D0043BF51 = {
			isa = PBXGroup;
			children = (
			);
			sourceTree = "<group>";
		};
/* End PBXGroup section */

/* Begin PBXProject section */
		DA0E6F60178EE02D0043BF51 /* Project object */ = {
			isa = PBXProject;
			attributes = {
				LastUpgradeCheck = 0460;
			};
			buildConfigurationList = DA0E6F63178EE02D0043BF51 /* Build configuration list for PBXProject "Skweltch" */;
			compatibilityVersion = "Xcode 3.2";
			developmentRegion = English;
			hasScannedForEncodings = 0;
			knownRegions = (
				en,
			);
			mainGroup = DA0E6F5F178EE02D0043BF51;
			projectDirPath = "";
			projectRoot = "";
			targets = (
			);
		};
/* End PBXProject section */

/* Begin XCBuildConfiguration section */
		DA0E6F64178EE02D0043BF51 /* Debug */ = {
			isa = XCBuildConfiguration;
			buildSettings = {
			};
			name = Debug;
		};
		DA0E6F65178EE02D0043BF51 /* Release */ = {
			isa = XCBuildConfiguration;
			buildSettings = {
			};
			name = Release;
		};
/* End XCBuildConfiguration section */

/* Begin XCConfigurationList section */
		DA0E6F63178EE02D0043BF51 /* Build configuration list for PBXProject "Skweltch" */ = {
			isa = XCConfigurationList;
			buildConfigurations = (
				DA0E6F64178EE02D0043BF51 /* Debug */,
				DA0E6F65178EE02D0043BF51 /* Release */,
			);
			defaultConfigurationIsVisible = 0;
			defaultConfigurationName = Release;
		};
/* End XCConfigurationList section */
	};
	rootObject = DA0E6F60178EE02D0043BF51 /* Project object */;
}
