// !$*UTF8*$!
{
	archiveVersion = 1;
	classes = {
	};
	objectVersion = 46;
	objects = {

/* Begin PBXBuildFile section */
		DAD681C617E5F35B00DA5A95 /* Cocoa.framework in Frameworks */ = {isa = PBXBuildFile; fileRef = DAD681C517E5F35B00DA5A95 /* Cocoa.framework */; };
		DAD681D017E5F35B00DA5A95 /* InfoPlist.strings in Resources */ = {isa = PBXBuildFile; fileRef = DAD681CE17E5F35B00DA5A95 /* InfoPlist.strings */; };
		DAD681D217E5F35B00DA5A95 /* main.m in Sources */ = {isa = PBXBuildFile; fileRef = DAD681D117E5F35B00DA5A95 /* main.m */; };
		DAD681D617E5F35B00DA5A95 /* Credits.rtf in Resources */ = {isa = PBXBuildFile; fileRef = DAD681D417E5F35B00DA5A95 /* Credits.rtf */; };
		DAD681D917E5F35B00DA5A95 /* AppDelegate.mm in Sources */ = {isa = PBXBuildFile; fileRef = DAD681D817E5F35B00DA5A95 /* AppDelegate.mm */; };
		DAD681DC17E5F35C00DA5A95 /* MainMenu.xib in Resources */ = {isa = PBXBuildFile; fileRef = DAD681DA17E5F35C00DA5A95 /* MainMenu.xib */; };
		DAD681DF17E5F35C00DA5A95 /* Skweltch_Notifier.xcdatamodeld in Sources */ = {isa = PBXBuildFile; fileRef = DAD681DD17E5F35C00DA5A95 /* Skweltch_Notifier.xcdatamodeld */; };
		DAD681E717E5F35C00DA5A95 /* SenTestingKit.framework in Frameworks */ = {isa = PBXBuildFile; fileRef = DAD681E617E5F35C00DA5A95 /* SenTestingKit.framework */; };
		DAD681E817E5F35C00DA5A95 /* Cocoa.framework in Frameworks */ = {isa = PBXBuildFile; fileRef = DAD681C517E5F35B00DA5A95 /* Cocoa.framework */; };
		DAD681F017E5F35C00DA5A95 /* InfoPlist.strings in Resources */ = {isa = PBXBuildFile; fileRef = DAD681EE17E5F35C00DA5A95 /* InfoPlist.strings */; };
		DAD681F317E5F35C00DA5A95 /* Skweltch_NotifierTests.m in Sources */ = {isa = PBXBuildFile; fileRef = DAD681F217E5F35C00DA5A95 /* Skweltch_NotifierTests.m */; };
		DAF3EC6D18114DB900028070 /* libzmq.dylib in Frameworks */ = {isa = PBXBuildFile; fileRef = DAF3EC6C18114DB900028070 /* libzmq.dylib */; };
		DAF3EC6F18114F7700028070 /* libmsgpackc.dylib in Frameworks */ = {isa = PBXBuildFile; fileRef = DAF3EC6E18114F7700028070 /* libmsgpackc.dylib */; };
/* End PBXBuildFile section */

/* Begin PBXContainerItemProxy section */
		DAD681E917E5F35C00DA5A95 /* PBXContainerItemProxy */ = {
			isa = PBXContainerItemProxy;
			containerPortal = DAD681BA17E5F35B00DA5A95 /* Project object */;
			proxyType = 1;
			remoteGlobalIDString = DAD681C117E5F35B00DA5A95;
			remoteInfo = "Skweltch Notifier";
		};
/* End PBXContainerItemProxy section */

/* Begin PBXFileReference section */
		DAD681C217E5F35B00DA5A95 /* Skweltch Notifier.app */ = {isa = PBXFileReference; explicitFileType = wrapper.application; includeInIndex = 0; path = "Skweltch Notifier.app"; sourceTree = BUILT_PRODUCTS_DIR; };
		DAD681C517E5F35B00DA5A95 /* Cocoa.framework */ = {isa = PBXFileReference; lastKnownFileType = wrapper.framework; name = Cocoa.framework; path = System/Library/Frameworks/Cocoa.framework; sourceTree = SDKROOT; };
		DAD681C817E5F35B00DA5A95 /* AppKit.framework */ = {isa = PBXFileReference; lastKnownFileType = wrapper.framework; name = AppKit.framework; path = System/Library/Frameworks/AppKit.framework; sourceTree = SDKROOT; };
		DAD681C917E5F35B00DA5A95 /* CoreData.framework */ = {isa = PBXFileReference; lastKnownFileType = wrapper.framework; name = CoreData.framework; path = System/Library/Frameworks/CoreData.framework; sourceTree = SDKROOT; };
		DAD681CA17E5F35B00DA5A95 /* Foundation.framework */ = {isa = PBXFileReference; lastKnownFileType = wrapper.framework; name = Foundation.framework; path = System/Library/Frameworks/Foundation.framework; sourceTree = SDKROOT; };
		DAD681CD17E5F35B00DA5A95 /* Skweltch Notifier-Info.plist */ = {isa = PBXFileReference; lastKnownFileType = text.plist.xml; path = "Skweltch Notifier-Info.plist"; sourceTree = "<group>"; };
		DAD681CF17E5F35B00DA5A95 /* en */ = {isa = PBXFileReference; lastKnownFileType = text.plist.strings; name = en; path = en.lproj/InfoPlist.strings; sourceTree = "<group>"; };
		DAD681D117E5F35B00DA5A95 /* main.m */ = {isa = PBXFileReference; lastKnownFileType = sourcecode.c.objc; path = main.m; sourceTree = "<group>"; };
		DAD681D317E5F35B00DA5A95 /* Skweltch Notifier-Prefix.pch */ = {isa = PBXFileReference; lastKnownFileType = sourcecode.c.h; path = "Skweltch Notifier-Prefix.pch"; sourceTree = "<group>"; };
		DAD681D517E5F35B00DA5A95 /* en */ = {isa = PBXFileReference; lastKnownFileType = text.rtf; name = en; path = en.lproj/Credits.rtf; sourceTree = "<group>"; };
		DAD681D717E5F35B00DA5A95 /* AppDelegate.h */ = {isa = PBXFileReference; lastKnownFileType = sourcecode.c.h; path = AppDelegate.h; sourceTree = "<group>"; };
		DAD681D817E5F35B00DA5A95 /* AppDelegate.mm */ = {isa = PBXFileReference; lastKnownFileType = sourcecode.cpp.objcpp; path = AppDelegate.mm; sourceTree = "<group>"; };
		DAD681DB17E5F35C00DA5A95 /* en */ = {isa = PBXFileReference; lastKnownFileType = file.xib; name = en; path = en.lproj/MainMenu.xib; sourceTree = "<group>"; };
		DAD681DE17E5F35C00DA5A95 /* Skweltch_Notifier.xcdatamodel */ = {isa = PBXFileReference; lastKnownFileType = wrapper.xcdatamodel; path = Skweltch_Notifier.xcdatamodel; sourceTree = "<group>"; };
		DAD681E517E5F35C00DA5A95 /* Skweltch NotifierTests.octest */ = {isa = PBXFileReference; explicitFileType = wrapper.cfbundle; includeInIndex = 0; path = "Skweltch NotifierTests.octest"; sourceTree = BUILT_PRODUCTS_DIR; };
		DAD681E617E5F35C00DA5A95 /* SenTestingKit.framework */ = {isa = PBXFileReference; lastKnownFileType = wrapper.framework; name = SenTestingKit.framework; path = Library/Frameworks/SenTestingKit.framework; sourceTree = DEVELOPER_DIR; };
		DAD681ED17E5F35C00DA5A95 /* Skweltch NotifierTests-Info.plist */ = {isa = PBXFileReference; lastKnownFileType = text.plist.xml; path = "Skweltch NotifierTests-Info.plist"; sourceTree = "<group>"; };
		DAD681EF17E5F35C00DA5A95 /* en */ = {isa = PBXFileReference; lastKnownFileType = text.plist.strings; name = en; path = en.lproj/InfoPlist.strings; sourceTree = "<group>"; };
		DAD681F117E5F35C00DA5A95 /* Skweltch_NotifierTests.h */ = {isa = PBXFileReference; lastKnownFileType = sourcecode.c.h; path = Skweltch_NotifierTests.h; sourceTree = "<group>"; };
		DAD681F217E5F35C00DA5A95 /* Skweltch_NotifierTests.m */ = {isa = PBXFileReference; lastKnownFileType = sourcecode.c.objc; path = Skweltch_NotifierTests.m; sourceTree = "<group>"; };
		DAF3EC6C18114DB900028070 /* libzmq.dylib */ = {isa = PBXFileReference; lastKnownFileType = "compiled.mach-o.dylib"; name = libzmq.dylib; path = ../../../../../../../usr/local/lib/libzmq.dylib; sourceTree = "<group>"; };
		DAF3EC6E18114F7700028070 /* libmsgpackc.dylib */ = {isa = PBXFileReference; lastKnownFileType = "compiled.mach-o.dylib"; name = libmsgpackc.dylib; path = ../../../../../../../usr/local/lib/libmsgpackc.dylib; sourceTree = "<group>"; };
/* End PBXFileReference section */

/* Begin PBXFrameworksBuildPhase section */
		DAD681BF17E5F35B00DA5A95 /* Frameworks */ = {
			isa = PBXFrameworksBuildPhase;
			buildActionMask = 2147483647;
			files = (
				DAD681C617E5F35B00DA5A95 /* Cocoa.framework in Frameworks */,
				DAF3EC6D18114DB900028070 /* libzmq.dylib in Frameworks */,
				DAF3EC6F18114F7700028070 /* libmsgpackc.dylib in Frameworks */,
			);
			runOnlyForDeploymentPostprocessing = 0;
		};
		DAD681E117E5F35C00DA5A95 /* Frameworks */ = {
			isa = PBXFrameworksBuildPhase;
			buildActionMask = 2147483647;
			files = (
				DAD681E717E5F35C00DA5A95 /* SenTestingKit.framework in Frameworks */,
				DAD681E817E5F35C00DA5A95 /* Cocoa.framework in Frameworks */,
			);
			runOnlyForDeploymentPostprocessing = 0;
		};
/* End PBXFrameworksBuildPhase section */

/* Begin PBXGroup section */
		DAD681B917E5F35B00DA5A95 = {
			isa = PBXGroup;
			children = (
				DAD681CB17E5F35B00DA5A95 /* Skweltch Notifier */,
				DAD681EB17E5F35C00DA5A95 /* Skweltch NotifierTests */,
				DAD681C417E5F35B00DA5A95 /* Frameworks */,
				DAD681C317E5F35B00DA5A95 /* Products */,
			);
			sourceTree = "<group>";
		};
		DAD681C317E5F35B00DA5A95 /* Products */ = {
			isa = PBXGroup;
			children = (
				DAD681C217E5F35B00DA5A95 /* Skweltch Notifier.app */,
				DAD681E517E5F35C00DA5A95 /* Skweltch NotifierTests.octest */,
			);
			name = Products;
			sourceTree = "<group>";
		};
		DAD681C417E5F35B00DA5A95 /* Frameworks */ = {
			isa = PBXGroup;
			children = (
				DAF3EC6E18114F7700028070 /* libmsgpackc.dylib */,
				DAF3EC6C18114DB900028070 /* libzmq.dylib */,
				DAD681C517E5F35B00DA5A95 /* Cocoa.framework */,
				DAD681E617E5F35C00DA5A95 /* SenTestingKit.framework */,
				DAD681C717E5F35B00DA5A95 /* Other Frameworks */,
			);
			name = Frameworks;
			sourceTree = "<group>";
		};
		DAD681C717E5F35B00DA5A95 /* Other Frameworks */ = {
			isa = PBXGroup;
			children = (
				DAD681C817E5F35B00DA5A95 /* AppKit.framework */,
				DAD681C917E5F35B00DA5A95 /* CoreData.framework */,
				DAD681CA17E5F35B00DA5A95 /* Foundation.framework */,
			);
			name = "Other Frameworks";
			sourceTree = "<group>";
		};
		DAD681CB17E5F35B00DA5A95 /* Skweltch Notifier */ = {
			isa = PBXGroup;
			children = (
				DAD681D717E5F35B00DA5A95 /* AppDelegate.h */,
				DAD681D817E5F35B00DA5A95 /* AppDelegate.mm */,
				DAD681DA17E5F35C00DA5A95 /* MainMenu.xib */,
				DAD681DD17E5F35C00DA5A95 /* Skweltch_Notifier.xcdatamodeld */,
				DAD681CC17E5F35B00DA5A95 /* Supporting Files */,
			);
			path = "Skweltch Notifier";
			sourceTree = "<group>";
		};
		DAD681CC17E5F35B00DA5A95 /* Supporting Files */ = {
			isa = PBXGroup;
			children = (
				DAD681CD17E5F35B00DA5A95 /* Skweltch Notifier-Info.plist */,
				DAD681CE17E5F35B00DA5A95 /* InfoPlist.strings */,
				DAD681D117E5F35B00DA5A95 /* main.m */,
				DAD681D317E5F35B00DA5A95 /* Skweltch Notifier-Prefix.pch */,
				DAD681D417E5F35B00DA5A95 /* Credits.rtf */,
			);
			name = "Supporting Files";
			sourceTree = "<group>";
		};
		DAD681EB17E5F35C00DA5A95 /* Skweltch NotifierTests */ = {
			isa = PBXGroup;
			children = (
				DAD681F117E5F35C00DA5A95 /* Skweltch_NotifierTests.h */,
				DAD681F217E5F35C00DA5A95 /* Skweltch_NotifierTests.m */,
				DAD681EC17E5F35C00DA5A95 /* Supporting Files */,
			);
			path = "Skweltch NotifierTests";
			sourceTree = "<group>";
		};
		DAD681EC17E5F35C00DA5A95 /* Supporting Files */ = {
			isa = PBXGroup;
			children = (
				DAD681ED17E5F35C00DA5A95 /* Skweltch NotifierTests-Info.plist */,
				DAD681EE17E5F35C00DA5A95 /* InfoPlist.strings */,
			);
			name = "Supporting Files";
			sourceTree = "<group>";
		};
/* End PBXGroup section */

/* Begin PBXNativeTarget section */
		DAD681C117E5F35B00DA5A95 /* Skweltch Notifier */ = {
			isa = PBXNativeTarget;
			buildConfigurationList = DAD681F617E5F35C00DA5A95 /* Build configuration list for PBXNativeTarget "Skweltch Notifier" */;
			buildPhases = (
				DAD681BE17E5F35B00DA5A95 /* Sources */,
				DAD681BF17E5F35B00DA5A95 /* Frameworks */,
				DAD681C017E5F35B00DA5A95 /* Resources */,
			);
			buildRules = (
			);
			dependencies = (
			);
			name = "Skweltch Notifier";
			productName = "Skweltch Notifier";
			productReference = DAD681C217E5F35B00DA5A95 /* Skweltch Notifier.app */;
			productType = "com.apple.product-type.application";
		};
		DAD681E417E5F35C00DA5A95 /* Skweltch NotifierTests */ = {
			isa = PBXNativeTarget;
			buildConfigurationList = DAD681F917E5F35C00DA5A95 /* Build configuration list for PBXNativeTarget "Skweltch NotifierTests" */;
			buildPhases = (
				DAD681E017E5F35C00DA5A95 /* Sources */,
				DAD681E117E5F35C00DA5A95 /* Frameworks */,
				DAD681E217E5F35C00DA5A95 /* Resources */,
				DAD681E317E5F35C00DA5A95 /* ShellScript */,
			);
			buildRules = (
			);
			dependencies = (
				DAD681EA17E5F35C00DA5A95 /* PBXTargetDependency */,
			);
			name = "Skweltch NotifierTests";
			productName = "Skweltch NotifierTests";
			productReference = DAD681E517E5F35C00DA5A95 /* Skweltch NotifierTests.octest */;
			productType = "com.apple.product-type.bundle";
		};
/* End PBXNativeTarget section */

/* Begin PBXProject section */
		DAD681BA17E5F35B00DA5A95 /* Project object */ = {
			isa = PBXProject;
			attributes = {
				LastUpgradeCheck = 0460;
				ORGANIZATIONNAME = "Paul Hamilton";
			};
			buildConfigurationList = DAD681BD17E5F35B00DA5A95 /* Build configuration list for PBXProject "Skweltch Notifier" */;
			compatibilityVersion = "Xcode 3.2";
			developmentRegion = English;
			hasScannedForEncodings = 0;
			knownRegions = (
				en,
			);
			mainGroup = DAD681B917E5F35B00DA5A95;
			productRefGroup = DAD681C317E5F35B00DA5A95 /* Products */;
			projectDirPath = "";
			projectRoot = "";
			targets = (
				DAD681C117E5F35B00DA5A95 /* Skweltch Notifier */,
				DAD681E417E5F35C00DA5A95 /* Skweltch NotifierTests */,
			);
		};
/* End PBXProject section */

/* Begin PBXResourcesBuildPhase section */
		DAD681C017E5F35B00DA5A95 /* Resources */ = {
			isa = PBXResourcesBuildPhase;
			buildActionMask = 2147483647;
			files = (
				DAD681D017E5F35B00DA5A95 /* InfoPlist.strings in Resources */,
				DAD681D617E5F35B00DA5A95 /* Credits.rtf in Resources */,
				DAD681DC17E5F35C00DA5A95 /* MainMenu.xib in Resources */,
			);
			runOnlyForDeploymentPostprocessing = 0;
		};
		DAD681E217E5F35C00DA5A95 /* Resources */ = {
			isa = PBXResourcesBuildPhase;
			buildActionMask = 2147483647;
			files = (
				DAD681F017E5F35C00DA5A95 /* InfoPlist.strings in Resources */,
			);
			runOnlyForDeploymentPostprocessing = 0;
		};
/* End PBXResourcesBuildPhase section */

/* Begin PBXShellScriptBuildPhase section */
		DAD681E317E5F35C00DA5A95 /* ShellScript */ = {
			isa = PBXShellScriptBuildPhase;
			buildActionMask = 2147483647;
			files = (
			);
			inputPaths = (
			);
			outputPaths = (
			);
			runOnlyForDeploymentPostprocessing = 0;
			shellPath = /bin/sh;
			shellScript = "# Run the unit tests in this test bundle.\n\"${SYSTEM_DEVELOPER_DIR}/Tools/RunUnitTests\"\n";
		};
/* End PBXShellScriptBuildPhase section */

/* Begin PBXSourcesBuildPhase section */
		DAD681BE17E5F35B00DA5A95 /* Sources */ = {
			isa = PBXSourcesBuildPhase;
			buildActionMask = 2147483647;
			files = (
				DAD681D217E5F35B00DA5A95 /* main.m in Sources */,
				DAD681D917E5F35B00DA5A95 /* AppDelegate.mm in Sources */,
				DAD681DF17E5F35C00DA5A95 /* Skweltch_Notifier.xcdatamodeld in Sources */,
			);
			runOnlyForDeploymentPostprocessing = 0;
		};
		DAD681E017E5F35C00DA5A95 /* Sources */ = {
			isa = PBXSourcesBuildPhase;
			buildActionMask = 2147483647;
			files = (
				DAD681F317E5F35C00DA5A95 /* Skweltch_NotifierTests.m in Sources */,
			);
			runOnlyForDeploymentPostprocessing = 0;
		};
/* End PBXSourcesBuildPhase section */

/* Begin PBXTargetDependency section */
		DAD681EA17E5F35C00DA5A95 /* PBXTargetDependency */ = {
			isa = PBXTargetDependency;
			target = DAD681C117E5F35B00DA5A95 /* Skweltch Notifier */;
			targetProxy = DAD681E917E5F35C00DA5A95 /* PBXContainerItemProxy */;
		};
/* End PBXTargetDependency section */

/* Begin PBXVariantGroup section */
		DAD681CE17E5F35B00DA5A95 /* InfoPlist.strings */ = {
			isa = PBXVariantGroup;
			children = (
				DAD681CF17E5F35B00DA5A95 /* en */,
			);
			name = InfoPlist.strings;
			sourceTree = "<group>";
		};
		DAD681D417E5F35B00DA5A95 /* Credits.rtf */ = {
			isa = PBXVariantGroup;
			children = (
				DAD681D517E5F35B00DA5A95 /* en */,
			);
			name = Credits.rtf;
			sourceTree = "<group>";
		};
		DAD681DA17E5F35C00DA5A95 /* MainMenu.xib */ = {
			isa = PBXVariantGroup;
			children = (
				DAD681DB17E5F35C00DA5A95 /* en */,
			);
			name = MainMenu.xib;
			sourceTree = "<group>";
		};
		DAD681EE17E5F35C00DA5A95 /* InfoPlist.strings */ = {
			isa = PBXVariantGroup;
			children = (
				DAD681EF17E5F35C00DA5A95 /* en */,
			);
			name = InfoPlist.strings;
			sourceTree = "<group>";
		};
/* End PBXVariantGroup section */

/* Begin XCBuildConfiguration section */
		DAD681F417E5F35C00DA5A95 /* Debug */ = {
			isa = XCBuildConfiguration;
			buildSettings = {
				ALWAYS_SEARCH_USER_PATHS = NO;
				ARCHS = "$(ARCHS_STANDARD_64_BIT)";
				CLANG_CXX_LANGUAGE_STANDARD = "gnu++0x";
				CLANG_CXX_LIBRARY = "libc++";
				CLANG_WARN_CONSTANT_CONVERSION = YES;
				CLANG_WARN_EMPTY_BODY = YES;
				CLANG_WARN_ENUM_CONVERSION = YES;
				CLANG_WARN_INT_CONVERSION = YES;
				CLANG_WARN__DUPLICATE_METHOD_MATCH = YES;
				COPY_PHASE_STRIP = NO;
				GCC_C_LANGUAGE_STANDARD = gnu99;
				GCC_DYNAMIC_NO_PIC = NO;
				GCC_ENABLE_OBJC_EXCEPTIONS = YES;
				GCC_OPTIMIZATION_LEVEL = 0;
				GCC_PREPROCESSOR_DEFINITIONS = (
					"DEBUG=1",
					"$(inherited)",
				);
				GCC_SYMBOLS_PRIVATE_EXTERN = NO;
				GCC_WARN_64_TO_32_BIT_CONVERSION = YES;
				GCC_WARN_ABOUT_RETURN_TYPE = YES;
				GCC_WARN_UNINITIALIZED_AUTOS = YES;
				GCC_WARN_UNUSED_VARIABLE = YES;
				MACOSX_DEPLOYMENT_TARGET = 10.8;
				ONLY_ACTIVE_ARCH = YES;
				SDKROOT = macosx;
			};
			name = Debug;
		};
		DAD681F517E5F35C00DA5A95 /* Release */ = {
			isa = XCBuildConfiguration;
			buildSettings = {
				ALWAYS_SEARCH_USER_PATHS = NO;
				ARCHS = "$(ARCHS_STANDARD_64_BIT)";
				CLANG_CXX_LANGUAGE_STANDARD = "gnu++0x";
				CLANG_CXX_LIBRARY = "libc++";
				CLANG_WARN_CONSTANT_CONVERSION = YES;
				CLANG_WARN_EMPTY_BODY = YES;
				CLANG_WARN_ENUM_CONVERSION = YES;
				CLANG_WARN_INT_CONVERSION = YES;
				CLANG_WARN__DUPLICATE_METHOD_MATCH = YES;
				COPY_PHASE_STRIP = YES;
				DEBUG_INFORMATION_FORMAT = "dwarf-with-dsym";
				GCC_C_LANGUAGE_STANDARD = gnu99;
				GCC_ENABLE_OBJC_EXCEPTIONS = YES;
				GCC_WARN_64_TO_32_BIT_CONVERSION = YES;
				GCC_WARN_ABOUT_RETURN_TYPE = YES;
				GCC_WARN_UNINITIALIZED_AUTOS = YES;
				GCC_WARN_UNUSED_VARIABLE = YES;
				MACOSX_DEPLOYMENT_TARGET = 10.8;
				SDKROOT = macosx;
			};
			name = Release;
		};
		DAD681F717E5F35C00DA5A95 /* Debug */ = {
			isa = XCBuildConfiguration;
			buildSettings = {
				COMBINE_HIDPI_IMAGES = YES;
				GCC_PRECOMPILE_PREFIX_HEADER = YES;
				GCC_PREFIX_HEADER = "Skweltch Notifier/Skweltch Notifier-Prefix.pch";
				HEADER_SEARCH_PATHS = (
					"$(inherited)",
					/Applications/Xcode.app/Contents/Developer/Toolchains/XcodeDefault.xctoolchain/usr/include,
					"~/Documents/zeromq-3.2.3/include",
					"~/Documents/czmq-1.4.1/include",
					"~/Documents/msgpack-c/src",
					"~/Documents/skweltch/src/cppzmq-master",
					/usr/local/include,
				);
				INFOPLIST_FILE = "Skweltch Notifier/Skweltch Notifier-Info.plist";
				LIBRARY_SEARCH_PATHS = /usr/local/lib;
				PRODUCT_NAME = "$(TARGET_NAME)";
				USER_HEADER_SEARCH_PATHS = "";
				WRAPPER_EXTENSION = app;
			};
			name = Debug;
		};
		DAD681F817E5F35C00DA5A95 /* Release */ = {
			isa = XCBuildConfiguration;
			buildSettings = {
				COMBINE_HIDPI_IMAGES = YES;
				GCC_PRECOMPILE_PREFIX_HEADER = YES;
				GCC_PREFIX_HEADER = "Skweltch Notifier/Skweltch Notifier-Prefix.pch";
				HEADER_SEARCH_PATHS = (
					"$(inherited)",
					/Applications/Xcode.app/Contents/Developer/Toolchains/XcodeDefault.xctoolchain/usr/include,
					"~/Documents/zeromq-3.2.3/include",
					"~/Documents/czmq-1.4.1/include",
					"~/Documents/msgpack-c/src",
					"~/Documents/skweltch/src/cppzmq-master",
					/usr/local/include,
				);
				INFOPLIST_FILE = "Skweltch Notifier/Skweltch Notifier-Info.plist";
				LIBRARY_SEARCH_PATHS = /usr/local/lib;
				PRODUCT_NAME = "$(TARGET_NAME)";
				USER_HEADER_SEARCH_PATHS = "";
				WRAPPER_EXTENSION = app;
			};
			name = Release;
		};
		DAD681FA17E5F35C00DA5A95 /* Debug */ = {
			isa = XCBuildConfiguration;
			buildSettings = {
				BUNDLE_LOADER = "$(BUILT_PRODUCTS_DIR)/Skweltch Notifier.app/Contents/MacOS/Skweltch Notifier";
				COMBINE_HIDPI_IMAGES = YES;
				FRAMEWORK_SEARCH_PATHS = "\"$(DEVELOPER_LIBRARY_DIR)/Frameworks\"";
				GCC_PRECOMPILE_PREFIX_HEADER = YES;
				GCC_PREFIX_HEADER = "Skweltch Notifier/Skweltch Notifier-Prefix.pch";
				INFOPLIST_FILE = "Skweltch NotifierTests/Skweltch NotifierTests-Info.plist";
				PRODUCT_NAME = "$(TARGET_NAME)";
				TEST_HOST = "$(BUNDLE_LOADER)";
				WRAPPER_EXTENSION = octest;
			};
			name = Debug;
		};
		DAD681FB17E5F35C00DA5A95 /* Release */ = {
			isa = XCBuildConfiguration;
			buildSettings = {
				BUNDLE_LOADER = "$(BUILT_PRODUCTS_DIR)/Skweltch Notifier.app/Contents/MacOS/Skweltch Notifier";
				COMBINE_HIDPI_IMAGES = YES;
				FRAMEWORK_SEARCH_PATHS = "\"$(DEVELOPER_LIBRARY_DIR)/Frameworks\"";
				GCC_PRECOMPILE_PREFIX_HEADER = YES;
				GCC_PREFIX_HEADER = "Skweltch Notifier/Skweltch Notifier-Prefix.pch";
				INFOPLIST_FILE = "Skweltch NotifierTests/Skweltch NotifierTests-Info.plist";
				PRODUCT_NAME = "$(TARGET_NAME)";
				TEST_HOST = "$(BUNDLE_LOADER)";
				WRAPPER_EXTENSION = octest;
			};
			name = Release;
		};
/* End XCBuildConfiguration section */

/* Begin XCConfigurationList section */
		DAD681BD17E5F35B00DA5A95 /* Build configuration list for PBXProject "Skweltch Notifier" */ = {
			isa = XCConfigurationList;
			buildConfigurations = (
				DAD681F417E5F35C00DA5A95 /* Debug */,
				DAD681F517E5F35C00DA5A95 /* Release */,
			);
			defaultConfigurationIsVisible = 0;
			defaultConfigurationName = Release;
		};
		DAD681F617E5F35C00DA5A95 /* Build configuration list for PBXNativeTarget "Skweltch Notifier" */ = {
			isa = XCConfigurationList;
			buildConfigurations = (
				DAD681F717E5F35C00DA5A95 /* Debug */,
				DAD681F817E5F35C00DA5A95 /* Release */,
			);
			defaultConfigurationIsVisible = 0;
			defaultConfigurationName = Release;
		};
		DAD681F917E5F35C00DA5A95 /* Build configuration list for PBXNativeTarget "Skweltch NotifierTests" */ = {
			isa = XCConfigurationList;
			buildConfigurations = (
				DAD681FA17E5F35C00DA5A95 /* Debug */,
				DAD681FB17E5F35C00DA5A95 /* Release */,
			);
			defaultConfigurationIsVisible = 0;
			defaultConfigurationName = Release;
		};
/* End XCConfigurationList section */

/* Begin XCVersionGroup section */
		DAD681DD17E5F35C00DA5A95 /* Skweltch_Notifier.xcdatamodeld */ = {
			isa = XCVersionGroup;
			children = (
				DAD681DE17E5F35C00DA5A95 /* Skweltch_Notifier.xcdatamodel */,
			);
			currentVersion = DAD681DE17E5F35C00DA5A95 /* Skweltch_Notifier.xcdatamodel */;
			path = Skweltch_Notifier.xcdatamodeld;
			sourceTree = "<group>";
			versionGroupType = wrapper.xcdatamodel;
		};
/* End XCVersionGroup section */
	};
	rootObject = DAD681BA17E5F35B00DA5A95 /* Project object */;
}
